// !$*UTF8*$!
{
	archiveVersion = 1;
	classes = {
	};
	objectVersion = 50;
	objects = {

/* Begin PBXBuildFile section */
		C929A9B224CA49BF007286EA /* SceneDelegate.swift in Sources */ = {isa = PBXBuildFile; fileRef = C929A9B124CA49BF007286EA /* SceneDelegate.swift */; };
		C929A9B424CA49BF007286EA /* ViewController.swift in Sources */ = {isa = PBXBuildFile; fileRef = C929A9B324CA49BF007286EA /* ViewController.swift */; };
		C929A9B724CA49BF007286EA /* Main.storyboard in Resources */ = {isa = PBXBuildFile; fileRef = C929A9B524CA49BF007286EA /* Main.storyboard */; };
		C929A9B924CA49BF007286EA /* Assets.xcassets in Resources */ = {isa = PBXBuildFile; fileRef = C929A9B824CA49BF007286EA /* Assets.xcassets */; };
		C929A9BC24CA49BF007286EA /* LaunchScreen.storyboard in Resources */ = {isa = PBXBuildFile; fileRef = C929A9BA24CA49BF007286EA /* LaunchScreen.storyboard */; };
		C929A9C424CA73D3007286EA /* RegisterPageViewController.swift in Sources */ = {isa = PBXBuildFile; fileRef = C929A9C324CA73D3007286EA /* RegisterPageViewController.swift */; };
		C929A9C624CA8370007286EA /* LoginViewController.swift in Sources */ = {isa = PBXBuildFile; fileRef = C929A9C524CA8370007286EA /* LoginViewController.swift */; };
		C98003DE24D498BE00D216FF /* AppDelegate.swift in Sources */ = {isa = PBXBuildFile; fileRef = C98003DD24D498BE00D216FF /* AppDelegate.swift */; };
/* End PBXBuildFile section */

/* Begin PBXFileReference section */
		C929A9AC24CA49BF007286EA /* RegistrationApp.app */ = {isa = PBXFileReference; explicitFileType = wrapper.application; includeInIndex = 0; path = RegistrationApp.app; sourceTree = BUILT_PRODUCTS_DIR; };
		C929A9B124CA49BF007286EA /* SceneDelegate.swift */ = {isa = PBXFileReference; lastKnownFileType = sourcecode.swift; path = SceneDelegate.swift; sourceTree = "<group>"; };
		C929A9B324CA49BF007286EA /* ViewController.swift */ = {isa = PBXFileReference; lastKnownFileType = sourcecode.swift; path = ViewController.swift; sourceTree = "<group>"; };
		C929A9B624CA49BF007286EA /* Base */ = {isa = PBXFileReference; lastKnownFileType = file.storyboard; name = Base; path = Base.lproj/Main.storyboard; sourceTree = "<group>"; };
		C929A9B824CA49BF007286EA /* Assets.xcassets */ = {isa = PBXFileReference; lastKnownFileType = folder.assetcatalog; path = Assets.xcassets; sourceTree = "<group>"; };
		C929A9BB24CA49BF007286EA /* Base */ = {isa = PBXFileReference; lastKnownFileType = file.storyboard; name = Base; path = Base.lproj/LaunchScreen.storyboard; sourceTree = "<group>"; };
		C929A9BD24CA49BF007286EA /* Info.plist */ = {isa = PBXFileReference; lastKnownFileType = text.plist.xml; path = Info.plist; sourceTree = "<group>"; };
		C929A9C324CA73D3007286EA /* RegisterPageViewController.swift */ = {isa = PBXFileReference; lastKnownFileType = sourcecode.swift; path = RegisterPageViewController.swift; sourceTree = "<group>"; };
		C929A9C524CA8370007286EA /* LoginViewController.swift */ = {isa = PBXFileReference; lastKnownFileType = sourcecode.swift; path = LoginViewController.swift; sourceTree = "<group>"; };
		C98003DD24D498BE00D216FF /* AppDelegate.swift */ = {isa = PBXFileReference; fileEncoding = 4; lastKnownFileType = sourcecode.swift; name = AppDelegate.swift; path = ../../../.Trash/AppDelegate.swift; sourceTree = "<group>"; };
/* End PBXFileReference section */

/* Begin PBXFrameworksBuildPhase section */
		C929A9A924CA49BF007286EA /* Frameworks */ = {
			isa = PBXFrameworksBuildPhase;
			buildActionMask = 2147483647;
			files = (
			);
			runOnlyForDeploymentPostprocessing = 0;
		};
/* End PBXFrameworksBuildPhase section */

/* Begin PBXGroup section */
		C929A9A324CA49BF007286EA = {
			isa = PBXGroup;
			children = (
				C929A9AE24CA49BF007286EA /* RegistrationApp */,
				C929A9AD24CA49BF007286EA /* Products */,
			);
			sourceTree = "<group>";
		};
		C929A9AD24CA49BF007286EA /* Products */ = {
			isa = PBXGroup;
			children = (
				C929A9AC24CA49BF007286EA /* RegistrationApp.app */,
			);
			name = Products;
			sourceTree = "<group>";
		};
		C929A9AE24CA49BF007286EA /* RegistrationApp */ = {
			isa = PBXGroup;
			children = (
				C929A9B124CA49BF007286EA /* SceneDelegate.swift */,
				C98003DD24D498BE00D216FF /* AppDelegate.swift */,
				C929A9B324CA49BF007286EA /* ViewController.swift */,
				C929A9B524CA49BF007286EA /* Main.storyboard */,
				C929A9B824CA49BF007286EA /* Assets.xcassets */,
				C929A9BA24CA49BF007286EA /* LaunchScreen.storyboard */,
				C929A9BD24CA49BF007286EA /* Info.plist */,
				C929A9C324CA73D3007286EA /* RegisterPageViewController.swift */,
				C929A9C524CA8370007286EA /* LoginViewController.swift */,
			);
			path = RegistrationApp;
			sourceTree = "<group>";
		};
/* End PBXGroup section */

/* Begin PBXNativeTarget section */
		C929A9AB24CA49BF007286EA /* RegistrationApp */ = {
			isa = PBXNativeTarget;
			buildConfigurationList = C929A9C024CA49BF007286EA /* Build configuration list for PBXNativeTarget "RegistrationApp" */;
			buildPhases = (
				C929A9A824CA49BF007286EA /* Sources */,
				C929A9A924CA49BF007286EA /* Frameworks */,
				C929A9AA24CA49BF007286EA /* Resources */,
			);
			buildRules = (
			);
			dependencies = (
			);
			name = RegistrationApp;
			productName = RegistrationApp;
			productReference = C929A9AC24CA49BF007286EA /* RegistrationApp.app */;
			productType = "com.apple.product-type.application";
		};
/* End PBXNativeTarget section */

/* Begin PBXProject section */
		C929A9A424CA49BF007286EA /* Project object */ = {
			isa = PBXProject;
			attributes = {
				LastSwiftUpdateCheck = 1160;
				LastUpgradeCheck = 1160;
				ORGANIZATIONNAME = Group6;
				TargetAttributes = {
					C929A9AB24CA49BF007286EA = {
						CreatedOnToolsVersion = 11.6;
					};
				};
			};
			buildConfigurationList = C929A9A724CA49BF007286EA /* Build configuration list for PBXProject "RegistrationApp" */;
			compatibilityVersion = "Xcode 9.3";
			developmentRegion = en;
			hasScannedForEncodings = 0;
			knownRegions = (
				en,
				Base,
			);
			mainGroup = C929A9A324CA49BF007286EA;
			productRefGroup = C929A9AD24CA49BF007286EA /* Products */;
			projectDirPath = "";
			projectRoot = "";
			targets = (
				C929A9AB24CA49BF007286EA /* RegistrationApp */,
			);
		};
/* End PBXProject section */

/* Begin PBXResourcesBuildPhase section */
		C929A9AA24CA49BF007286EA /* Resources */ = {
			isa = PBXResourcesBuildPhase;
			buildActionMask = 2147483647;
			files = (
				C929A9BC24CA49BF007286EA /* LaunchScreen.storyboard in Resources */,
				C929A9B924CA49BF007286EA /* Assets.xcassets in Resources */,
				C929A9B724CA49BF007286EA /* Main.storyboard in Resources */,
			);
			runOnlyForDeploymentPostprocessing = 0;
		};
/* End PBXResourcesBuildPhase section */

/* Begin PBXSourcesBuildPhase section */
		C929A9A824CA49BF007286EA /* Sources */ = {
			isa = PBXSourcesBuildPhase;
			buildActionMask = 2147483647;
			files = (
				C929A9C424CA73D3007286EA /* RegisterPageViewController.swift in Sources */,
				C929A9B424CA49BF007286EA /* ViewController.swift in Sources */,
				C929A9C624CA8370007286EA /* LoginViewController.swift in Sources */,
				C98003DE24D498BE00D216FF /* AppDelegate.swift in Sources */,
				C929A9B224CA49BF007286EA /* SceneDelegate.swift in Sources */,
			);
			runOnlyForDeploymentPostprocessing = 0;
		};
/* End PBXSourcesBuildPhase section */

/* Begin PBXVariantGroup section */
		C929A9B524CA49BF007286EA /* Main.storyboard */ = {
			isa = PBXVariantGroup;
			children = (
				C929A9B624CA49BF007286EA /* Base */,
			);
			name = Main.storyboard;
			sourceTree = "<group>";
		};
		C929A9BA24CA49BF007286EA /* LaunchScreen.storyboard */ = {
			isa = PBXVariantGroup;
			children = (
				C929A9BB24CA49BF007286EA /* Base */,
			);
			name = LaunchScreen.storyboard;
			sourceTree = "<group>";
		};
/* End PBXVariantGroup section */

/* Begin XCBuildConfiguration section */
		C929A9BE24CA49BF007286EA /* Debug */ = {
			isa = XCBuildConfiguration;
			buildSettings = {
				ALWAYS_SEARCH_USER_PATHS = NO;
				CLANG_ANALYZER_NONNULL = YES;
				CLANG_ANALYZER_NUMBER_OBJECT_CONVERSION = YES_AGGRESSIVE;
				CLANG_CXX_LANGUAGE_STANDARD = "gnu++14";
				CLANG_CXX_LIBRARY = "libc++";
				CLANG_ENABLE_MODULES = YES;
				CLANG_ENABLE_OBJC_ARC = YES;
				CLANG_ENABLE_OBJC_WEAK = YES;
				CLANG_WARN_BLOCK_CAPTURE_AUTORELEASING = YES;
				CLANG_WARN_BOOL_CONVERSION = YES;
				CLANG_WARN_COMMA = YES;
				CLANG_WARN_CONSTANT_CONVERSION = YES;
				CLANG_WARN_DEPRECATED_OBJC_IMPLEMENTATIONS = YES;
				CLANG_WARN_DIRECT_OBJC_ISA_USAGE = YES_ERROR;
				CLANG_WARN_DOCUMENTATION_COMMENTS = YES;
				CLANG_WARN_EMPTY_BODY = YES;
				CLANG_WARN_ENUM_CONVERSION = YES;
				CLANG_WARN_INFINITE_RECURSION = YES;
				CLANG_WARN_INT_CONVERSION = YES;
				CLANG_WARN_NON_LITERAL_NULL_CONVERSION = YES;
				CLANG_WARN_OBJC_IMPLICIT_RETAIN_SELF = YES;
				CLANG_WARN_OBJC_LITERAL_CONVERSION = YES;
				CLANG_WARN_OBJC_ROOT_CLASS = YES_ERROR;
				CLANG_WARN_RANGE_LOOP_ANALYSIS = YES;
				CLANG_WARN_STRICT_PROTOTYPES = YES;
				CLANG_WARN_SUSPICIOUS_MOVE = YES;
				CLANG_WARN_UNGUARDED_AVAILABILITY = YES_AGGRESSIVE;
				CLANG_WARN_UNREACHABLE_CODE = YES;
				CLANG_WARN__DUPLICATE_METHOD_MATCH = YES;
				COPY_PHASE_STRIP = NO;
				DEBUG_INFORMATION_FORMAT = dwarf;
				ENABLE_STRICT_OBJC_MSGSEND = YES;
				ENABLE_TESTABILITY = YES;
				GCC_C_LANGUAGE_STANDARD = gnu11;
				GCC_DYNAMIC_NO_PIC = NO;
				GCC_NO_COMMON_BLOCKS = YES;
				GCC_OPTIMIZATION_LEVEL = 0;
				GCC_PREPROCESSOR_DEFINITIONS = (
					"DEBUG=1",
					"$(inherited)",
				);
				GCC_WARN_64_TO_32_BIT_CONVERSION = YES;
				GCC_WARN_ABOUT_RETURN_TYPE = YES_ERROR;
				GCC_WARN_UNDECLARED_SELECTOR = YES;
				GCC_WARN_UNINITIALIZED_AUTOS = YES_AGGRESSIVE;
				GCC_WARN_UNUSED_FUNCTION = YES;
				GCC_WARN_UNUSED_VARIABLE = YES;
				IPHONEOS_DEPLOYMENT_TARGET = 13.6;
				MTL_ENABLE_DEBUG_INFO = INCLUDE_SOURCE;
				MTL_FAST_MATH = YES;
				ONLY_ACTIVE_ARCH = YES;
				SDKROOT = iphoneos;
				SWIFT_ACTIVE_COMPILATION_CONDITIONS = DEBUG;
				SWIFT_OPTIMIZATION_LEVEL = "-Onone";
			};
			name = Debug;
		};
		C929A9BF24CA49BF007286EA /* Release */ = {
			isa = XCBuildConfiguration;
			buildSettings = {
				ALWAYS_SEARCH_USER_PATHS = NO;
				CLANG_ANALYZER_NONNULL = YES;
				CLANG_ANALYZER_NUMBER_OBJECT_CONVERSION = YES_AGGRESSIVE;
				CLANG_CXX_LANGUAGE_STANDARD = "gnu++14";
				CLANG_CXX_LIBRARY = "libc++";
				CLANG_ENABLE_MODULES = YES;
				CLANG_ENABLE_OBJC_ARC = YES;
				CLANG_ENABLE_OBJC_WEAK = YES;
				CLANG_WARN_BLOCK_CAPTURE_AUTORELEASING = YES;
				CLANG_WARN_BOOL_CONVERSION = YES;
				CLANG_WARN_COMMA = YES;
				CLANG_WARN_CONSTANT_CONVERSION = YES;
				CLANG_WARN_DEPRECATED_OBJC_IMPLEMENTATIONS = YES;
				CLANG_WARN_DIRECT_OBJC_ISA_USAGE = YES_ERROR;
				CLANG_WARN_DOCUMENTATION_COMMENTS = YES;
				CLANG_WARN_EMPTY_BODY = YES;
				CLANG_WARN_ENUM_CONVERSION = YES;
				CLANG_WARN_INFINITE_RECURSION = YES;
				CLANG_WARN_INT_CONVERSION = YES;
				CLANG_WARN_NON_LITERAL_NULL_CONVERSION = YES;
				CLANG_WARN_OBJC_IMPLICIT_RETAIN_SELF = YES;
				CLANG_WARN_OBJC_LITERAL_CONVERSION = YES;
				CLANG_WARN_OBJC_ROOT_CLASS = YES_ERROR;
				CLANG_WARN_RANGE_LOOP_ANALYSIS = YES;
				CLANG_WARN_STRICT_PROTOTYPES = YES;
				CLANG_WARN_SUSPICIOUS_MOVE = YES;
				CLANG_WARN_UNGUARDED_AVAILABILITY = YES_AGGRESSIVE;
				CLANG_WARN_UNREACHABLE_CODE = YES;
				CLANG_WARN__DUPLICATE_METHOD_MATCH = YES;
				COPY_PHASE_STRIP = NO;
				DEBUG_INFORMATION_FORMAT = "dwarf-with-dsym";
				ENABLE_NS_ASSERTIONS = NO;
				ENABLE_STRICT_OBJC_MSGSEND = YES;
				GCC_C_LANGUAGE_STANDARD = gnu11;
				GCC_NO_COMMON_BLOCKS = YES;
				GCC_WARN_64_TO_32_BIT_CONVERSION = YES;
				GCC_WARN_ABOUT_RETURN_TYPE = YES_ERROR;
				GCC_WARN_UNDECLARED_SELECTOR = YES;
				GCC_WARN_UNINITIALIZED_AUTOS = YES_AGGRESSIVE;
				GCC_WARN_UNUSED_FUNCTION = YES;
				GCC_WARN_UNUSED_VARIABLE = YES;
				IPHONEOS_DEPLOYMENT_TARGET = 13.6;
				MTL_ENABLE_DEBUG_INFO = NO;
				MTL_FAST_MATH = YES;
				SDKROOT = iphoneos;
				SWIFT_COMPILATION_MODE = wholemodule;
				SWIFT_OPTIMIZATION_LEVEL = "-O";
				VALIDATE_PRODUCT = YES;
			};
			name = Release;
		};
		C929A9C124CA49BF007286EA /* Debug */ = {
			isa = XCBuildConfiguration;
			buildSettings = {
				ASSETCATALOG_COMPILER_APPICON_NAME = AppIcon;
				CODE_SIGN_STYLE = Automatic;
				INFOPLIST_FILE = RegistrationApp/Info.plist;
				LD_RUNPATH_SEARCH_PATHS = (
					"$(inherited)",
					"@executable_path/Frameworks",
				);
				PRODUCT_BUNDLE_IDENTIFIER = com.group6.RegistrationApp;
				PRODUCT_NAME = "$(TARGET_NAME)";
				SWIFT_VERSION = 5.0;
				TARGETED_DEVICE_FAMILY = "1,2";
			};
			name = Debug;
		};
		C929A9C224CA49BF007286EA /* Release */ = {
			isa = XCBuildConfiguration;
			buildSettings = {
				ASSETCATALOG_COMPILER_APPICON_NAME = AppIcon;
				CODE_SIGN_STYLE = Automatic;
				INFOPLIST_FILE = RegistrationApp/Info.plist;
				LD_RUNPATH_SEARCH_PATHS = (
					"$(inherited)",
					"@executable_path/Frameworks",
				);
				PRODUCT_BUNDLE_IDENTIFIER = com.group6.RegistrationApp;
				PRODUCT_NAME = "$(TARGET_NAME)";
				SWIFT_VERSION = 5.0;
				TARGETED_DEVICE_FAMILY = "1,2";
			};
			name = Release;
		};
/* End XCBuildConfiguration section */

/* Begin XCConfigurationList section */
		C929A9A724CA49BF007286EA /* Build configuration list for PBXProject "RegistrationApp" */ = {
			isa = XCConfigurationList;
			buildConfigurations = (
				C929A9BE24CA49BF007286EA /* Debug */,
				C929A9BF24CA49BF007286EA /* Release */,
			);
			defaultConfigurationIsVisible = 0;
			defaultConfigurationName = Release;
		};
		C929A9C024CA49BF007286EA /* Build configuration list for PBXNativeTarget "RegistrationApp" */ = {
			isa = XCConfigurationList;
			buildConfigurations = (
				C929A9C124CA49BF007286EA /* Debug */,
				C929A9C224CA49BF007286EA /* Release */,
			);
			defaultConfigurationIsVisible = 0;
			defaultConfigurationName = Release;
		};
/* End XCConfigurationList section */
	};
	rootObject = C929A9A424CA49BF007286EA /* Project object */;
}
